
Microsoft Visual Studio Solution File, Format Version 12.00
# Visual Studio 2012
Project("{FAE04EC0-301F-11D3-BF4B-00C04F79EFBC}") = "OctaSweeper", "OctaSweeper\OctaSweeper.csproj", "{AA0E5389-01F7-4262-BF07-6182BAA48A13}"
EndProject
Project("{FAE04EC0-301F-11D3-BF4B-00C04F79EFBC}") = "OctaSweeper.ViewModel", "OctaSweeper.ViewModel\OctaSweeper.ViewModel.csproj", "{4D064D94-6D2C-4ECB-8BAA-5DB65EC55342}"
EndProject
Project("{FAE04EC0-301F-11D3-BF4B-00C04F79EFBC}") = "OctaSweeper.Model", "OctaSweeper.Model\OctaSweeper.Model.csproj", "{BD7DA757-690C-41CB-8C2F-636120F0BB36}"
EndProject
Global
	GlobalSection(SolutionConfigurationPlatforms) = preSolution
		Debug|Any CPU = Debug|Any CPU
		Release|Any CPU = Release|Any CPU
	EndGlobalSection
	GlobalSection(ProjectConfigurationPlatforms) = postSolution
		{AA0E5389-01F7-4262-BF07-6182BAA48A13}.Debug|Any CPU.ActiveCfg = Debug|Any CPU
		{AA0E5389-01F7-4262-BF07-6182BAA48A13}.Debug|Any CPU.Build.0 = Debug|Any CPU
		{AA0E5389-01F7-4262-BF07-6182BAA48A13}.Release|Any CPU.ActiveCfg = Release|Any CPU
		{AA0E5389-01F7-4262-BF07-6182BAA48A13}.Release|Any CPU.Build.0 = Release|Any CPU
		{4D064D94-6D2C-4ECB-8BAA-5DB65EC55342}.Debug|Any CPU.ActiveCfg = Debug|Any CPU
		{4D064D94-6D2C-4ECB-8BAA-5DB65EC55342}.Debug|Any CPU.Build.0 = Debug|Any CPU
		{4D064D94-6D2C-4ECB-8BAA-5DB65EC55342}.Release|Any CPU.ActiveCfg = Release|Any CPU
		{4D064D94-6D2C-4ECB-8BAA-5DB65EC55342}.Release|Any CPU.Build.0 = Release|Any CPU
		{BD7DA757-690C-41CB-8C2F-636120F0BB36}.Debug|Any CPU.ActiveCfg = Debug|Any CPU
		{BD7DA757-690C-41CB-8C2F-636120F0BB36}.Debug|Any CPU.Build.0 = Debug|Any CPU
		{BD7DA757-690C-41CB-8C2F-636120F0BB36}.Release|Any CPU.ActiveCfg = Release|Any CPU
		{BD7DA757-690C-41CB-8C2F-636120F0BB36}.Release|Any CPU.Build.0 = Release|Any CPU
	EndGlobalSection
	GlobalSection(SolutionProperties) = preSolution
		HideSolutionNode = FALSE
	EndGlobalSection
EndGlobal
